
Microsoft Visual Studio Solution File, Format Version 12.00
# Visual Studio 15
VisualStudioVersion = 15.0.28010.2026
MinimumVisualStudioVersion = 10.0.40219.1
Project("{FAE04EC0-301F-11D3-BF4B-00C04F79EFBC}") = "ApolloTelemetry_Display", "ApolloTelemetry_Display\ApolloTelemetry_Display.csproj", "{FCC8714A-7A85-4DE0-A7D6-5257CBC84F46}"
EndProject
Global
	GlobalSection(SolutionConfigurationPlatforms) = preSolution
		Debug|x64 = Debug|x64
	EndGlobalSection
	GlobalSection(ProjectConfigurationPlatforms) = postSolution
		{FCC8714A-7A85-4DE0-A7D6-5257CBC84F46}.Debug|x64.ActiveCfg = Debug|x64
		{FCC8714A-7A85-4DE0-A7D6-5257CBC84F46}.Debug|x64.Build.0 = Debug|x64
	EndGlobalSection
	GlobalSection(SolutionProperties) = preSolution
		HideSolutionNode = FALSE
	EndGlobalSection
	GlobalSection(ExtensibilityGlobals) = postSolution
		SolutionGuid = {F0A190BB-04F7-4CAD-A143-7CCFB6CE3AD9}
	EndGlobalSection
EndGlobal
